github.com/asticode/go-astikit v0.20.0 h1:+7N+J4E4lWx2QOkRdOf6DafWJMv6O4RRfgClwQokrH8=
github.com/asticode/go-astikit v0.20.0/go.mod h1:h4ly7idim1tNhaVkdVBeXQZEE3L0xblP7fCWbgwipF0=
github.com/asticode/go-astisub v0.12.1 h1:eAXddrpYLUcFAv+/PhibQbfhscZVT4dSG6UkPglF5g8=
github.com/asticode/go-astisub v0.12.1/go.mod h1:WTkuSzFB+Bp7wezuSf2Oxulj5A8zu2zLRVFf6bIFQK8=
github.com/asticode/go-astits v1.8.0 h1:rf6aiiGn/QhlFjNON1n5plqF3Fs025XLUwiQ0NB6oZg=
github.com/asticode/go-astits v1.8.0/go.mod h1:DkOWmBNQpnr9mv24KfZjq4JawCFX1FCqjLVGvO0DygQ=
github.com/bmaupin/go-epub v0.5.3 h1:HBOJS2KqsRGGcEzM470/9l5q2l9JwAUxQabEgPMrW90=
github.com/bmaupin/go-epub v0.5.3/go.mod h1:4RBr0Zo03mRGOyGAcc25eLOqIPCkMbfz+tINVmH6clQ=
github.com/bmaupin/go-epub v0.10.0 h1:KuOrBGE72frtaDDb2j7NyryO1In3Wsdmtm8o0/K8mF0=
github.com/bmaupin/go-epub v0.10.0/go.mod h1:mBan+0WgVv5JbPNw1xfnfQoTRN9iPMKBshZwPOL0SY0=
github.com/davecgh/go-spew v1.1.0/go.mod h1:J7Y8YcW2NihsgmVo/mv3lAwl/skON4iLHjSsI+c5H38=
github.com/gabriel-vasile/mimetype v1.3.1 h1:qevA6c2MtE1RorlScnixeG0VA1H4xrXyhyX3oWBynNQ=
github.com/gabriel-vasile/mimetype v1.3.1/go.mod h1:fA8fi6KUiG7MgQQ+mEWotXoEOvmxRtOJlERCzSmRvr8=
github.com/gabriel-vasile/mimetype v1.4.0 h1:Cn9dkdYsMIu56tGho+fqzh7XmvY2YyGU0FnbhiOsEro=
github.com/gabriel-vasile/mimetype v1.4.0/go.mod h1:fA8fi6KUiG7MgQQ+mEWotXoEOvmxRtOJlERCzSmRvr8=
github.com/gofrs/uuid v3.1.0+incompatible h1:q2rtkjaKT4YEr6E1kamy0Ha4RtepWlQBedyHx0uzKwA=
github.com/gofrs/uuid v3.1.0+incompatible/go.mod h1:b2aQJv3Z4Fp6yNu3cdSllBxTCLRxnplIgP/c0N/04lM=
github.com/gofrs/uuid v4.1.0+incompatible h1:sIa2eCvUTwgjbqXrPLfNwUf9S3i3mpH1O1atV+iL/Wk=
github.com/gofrs/uuid v4.1.0+incompatible/go.mod h1:b2aQJv3Z4Fp6yNu3cdSllBxTCLRxnplIgP/c0N/04lM=
github.com/pkg/profile v1.4.0/go.mod h1:NWz/XGvpEW1FyYQ7fCx4dqYBLlfTcE+A9FLAkNKqjFE=
github.com/pmezard/go-difflib v1.0.0/go.mod h1:iKH77koFhYxTK1pcRnkKkqfTogsbg7gZNVY4sRDYZ/4=
github.com/stretchr/objx v0.1.0/go.mod h1:HFkY916IF+rwdDfMAkV7OtwuqBVzrE8GR6GFx+wExME=
github.com/stretchr/testify v1.4.0/go.mod h1:j7eGeouHqKxXV5pUuKE4zz7dFj8WfuZ+81PSLYec5m4=
github.com/vincent-petithory/dataurl v0.0.0-20191104211930-d1553a71de50 h1:uxE3GYdXIOfhMv3unJKETJEhw78gvzuQqRX/rVirc2A=
github.com/vincent-petithory/dataurl v0.0.0-20191104211930-d1553a71de50/go.mod h1:FHafX5vmDzyP+1CQATJn7WFKc9CvnvxyvZy6I1MrG/U=
github.com/vincent-petithory/dataurl v1.0.0 h1:cXw+kPto8NLuJtlMsI152irrVw9fRDX8AbShPRpg2CI=
github.com/vincent-petithory/dataurl v1.0.0/go.mod h1:FHafX5vmDzyP+1CQATJn7WFKc9CvnvxyvZy6I1MrG/U=
golang.org/x/crypto v0.0.0-20190308221718-c2843e01d9a2/go.mod h1:djNgcEr1/C05ACkg1iLfiJU5Ep61QUkGW8qpdssI0+w=
golang.org/x/crypto v0.0.0-20200622213623-75b288015ac9/go.mod h1:LzIPMQfyMNhhGPhUkYOs5KpL4U8rLKemX1yGLhDgUto=
golang.org/x/net v0.0.0-20190404232315-eb5bcb51f2a3/go.mod h1:t9HGtf8HONx5eT2rtn7q6eTqICYqUVnKs3thJo3Qplg=
golang.org/x/net v0.0.0-20200904194848-62affa334b73 h1:MXfv8rhZWmFeqX3GNZRsd6vOLoaCHjYEX3qkRo3YBUA=
golang.org/x/net v0.0.0-20200904194848-62affa334b73/go.mod h1:/O7V0waA8r7cgGh81Ro3o1hOxt32SMVPicZroKQ2sZA=
golang.org/x/net v0.0.0-20210505024714-0287a6fb4125 h1:Ugb8sMTWuWRC3+sz5WeN/4kejDx9BvIwnPUiJBjJE+8=
golang.org/x/net v0.0.0-20210505024714-0287a6fb4125/go.mod h1:9nx3DQGgdP8bBQD5qxJ1jj9UTztislL4KSBs9R2vV5Y=
golang.org/x/net v0.0.0-20211108170745-6635138e15ea h1:FosBMXtOc8Tp9Hbo4ltl1WJSrTVewZU8MPnTPY2HdH8=
golang.org/x/net v0.0.0-20211108170745-6635138e15ea/go.mod h1:9nx3DQGgdP8bBQD5qxJ1jj9UTztislL4KSBs9R2vV5Y=
golang.org/x/sys v0.0.0-20190215142949-d0b11bdaac8a/go.mod h1:STP8DvDyc/dI5b8T5hshtkjS+E42TnysNCUPdjciGhY=
golang.org/x/sys v0.0.0-20190412213103-97732733099d/go.mod h1:h1NjWce9XRLGQEsW7wpKNCjG9DtNlClVuFLEZdDNbEs=
golang.org/x/sys v0.0.0-20200323222414-85ca7c5b95cd/go.mod h1:h1NjWce9XRLGQEsW7wpKNCjG9DtNlClVuFLEZdDNbEs=
golang.org/x/sys v0.0.0-20201119102817-f84b799fce68/go.mod h1:h1NjWce9XRLGQEsW7wpKNCjG9DtNlClVuFLEZdDNbEs=
golang.org/x/sys v0.0.0-20210423082822-04245dca01da/go.mod h1:h1NjWce9XRLGQEsW7wpKNCjG9DtNlClVuFLEZdDNbEs=
golang.org/x/term v0.0.0-20201126162022-7de9c90e9dd1/go.mod h1:bj7SfCRtBDWHUb9snDiAeCFNEtKQo2Wmx5Cou7ajbmo=
golang.org/x/text v0.3.0/go.mod h1:NqM8EUOU14njkJ3fqMW+pc6Ldnwhi/IjpwHt7yyuwOQ=
golang.org/x/text v0.3.2 h1:tW2bmiBqwgJj/UpqtC8EpXEZVYOwU0yG4iWbprSVAcs=
golang.org/x/text v0.3.2/go.mod h1:bEr9sfX3Q8Zfm5fL9x+3itogRgK3+ptLWKqgva+5dAk=
golang.org/x/text v0.3.6/go.mod h1:5Zoc/QRtKVWzQhOtBMvqHzDpF6irO9z98xDceosuGiQ=
golang.org/x/tools v0.0.0-20180917221912-90fa682c2a6e/go.mod h1:n7NCudcB/nEzxVGmLbDWY5pfWTLqBcC2KZ6jyYvM4mQ=
gopkg.in/check.v1 v0.0.0-20161208181325-20d25e280405/go.mod h1:Co6ibVJAznAaIkqp8huTwlJQCZ016jof/cbN4VW5Yz0=
gopkg.in/yaml.v2 v2.2.2/go.mod h1:hI93XBmqTisBFMUTm0b8Fm+jr3Dg1NNxqwp+5A1VGuI=
